
Microsoft Visual Studio Solution File, Format Version 12.00
# Visual Studio Version 17
VisualStudioVersion = 17.9.34607.119
MinimumVisualStudioVersion = 10.0.40219.1
Project("{FAE04EC0-301F-11D3-BF4B-00C04F79EFBC}") = "AllProyectsFramework", "AllProyectsFramework.csproj", "{808AEFCF-DFD3-403F-BEC5-A4E475E28E15}"
EndProject
Global
	GlobalSection(SolutionConfigurationPlatforms) = preSolution
		Debug|Any CPU = Debug|Any CPU
		Release|Any CPU = Release|Any CPU
	EndGlobalSection
	GlobalSection(ProjectConfigurationPlatforms) = postSolution
		{808AEFCF-DFD3-403F-BEC5-A4E475E28E15}.Debug|Any CPU.ActiveCfg = Debug|Any CPU
		{808AEFCF-DFD3-403F-BEC5-A4E475E28E15}.Debug|Any CPU.Build.0 = Debug|Any CPU
		{808AEFCF-DFD3-403F-BEC5-A4E475E28E15}.Release|Any CPU.ActiveCfg = Release|Any CPU
		{808AEFCF-DFD3-403F-BEC5-A4E475E28E15}.Release|Any CPU.Build.0 = Release|Any CPU
	EndGlobalSection
	GlobalSection(SolutionProperties) = preSolution
		HideSolutionNode = FALSE
	EndGlobalSection
	GlobalSection(ExtensibilityGlobals) = postSolution
		SolutionGuid = {E325F1DE-C703-480E-A526-0C7C3C4771E0}
	EndGlobalSection
EndGlobal
